// !$*UTF8*$!
{
	archiveVersion = 1;
	classes = {
	};
	objectVersion = 46;
	objects = {

/* Begin PBXBuildFile section */
		B1500DBD1CC92F1C00897656 /* AppDelegate.swift in Sources */ = {isa = PBXBuildFile; fileRef = B1500DBC1CC92F1C00897656 /* AppDelegate.swift */; };
		B1500DBF1CC92F1C00897656 /* ViewController.swift in Sources */ = {isa = PBXBuildFile; fileRef = B1500DBE1CC92F1C00897656 /* ViewController.swift */; };
		B1500DC21CC92F1C00897656 /* Main.storyboard in Resources */ = {isa = PBXBuildFile; fileRef = B1500DC01CC92F1C00897656 /* Main.storyboard */; };
		B1500DC51CC92F1C00897656 /* OpenWeatherMap.xcdatamodeld in Sources */ = {isa = PBXBuildFile; fileRef = B1500DC31CC92F1C00897656 /* OpenWeatherMap.xcdatamodeld */; };
		B1500DC71CC92F1C00897656 /* Assets.xcassets in Resources */ = {isa = PBXBuildFile; fileRef = B1500DC61CC92F1C00897656 /* Assets.xcassets */; };
		B1500DCA1CC92F1C00897656 /* LaunchScreen.storyboard in Resources */ = {isa = PBXBuildFile; fileRef = B1500DC81CC92F1C00897656 /* LaunchScreen.storyboard */; };
		B1500DD41CC945B100897656 /* WeatherListViewController.swift in Sources */ = {isa = PBXBuildFile; fileRef = B1500DD31CC945B100897656 /* WeatherListViewController.swift */; };
		B1500DD61CC949EE00897656 /* WeatherListInteractor.swift in Sources */ = {isa = PBXBuildFile; fileRef = B1500DD51CC949EE00897656 /* WeatherListInteractor.swift */; };
		B1500DD81CC94B1600897656 /* GetNewWeatherItemWorker.swift in Sources */ = {isa = PBXBuildFile; fileRef = B1500DD71CC94B1600897656 /* GetNewWeatherItemWorker.swift */; };
		B1500DDA1CC94C1000897656 /* WeatherListPresenter.swift in Sources */ = {isa = PBXBuildFile; fileRef = B1500DD91CC94C1000897656 /* WeatherListPresenter.swift */; };
		B1500DDC1CC94C9A00897656 /* WeatherListConfigurator.swift in Sources */ = {isa = PBXBuildFile; fileRef = B1500DDB1CC94C9A00897656 /* WeatherListConfigurator.swift */; };
		B1500DDE1CC94CFE00897656 /* WeatherListRouter.swift in Sources */ = {isa = PBXBuildFile; fileRef = B1500DDD1CC94CFD00897656 /* WeatherListRouter.swift */; };
		B1500DE01CC94DE600897656 /* WeatherListModels.swift in Sources */ = {isa = PBXBuildFile; fileRef = B1500DDF1CC94DE600897656 /* WeatherListModels.swift */; };
		CFEDFA2678BB4B759C41F3E1 /* Pods_OpenWeatherMap.framework in Frameworks */ = {isa = PBXBuildFile; fileRef = 6A1CB829DEAEB657E5E9D353 /* Pods_OpenWeatherMap.framework */; };
/* End PBXBuildFile section */

/* Begin PBXFileReference section */
		6A1CB829DEAEB657E5E9D353 /* Pods_OpenWeatherMap.framework */ = {isa = PBXFileReference; explicitFileType = wrapper.framework; includeInIndex = 0; path = Pods_OpenWeatherMap.framework; sourceTree = BUILT_PRODUCTS_DIR; };
		B1500DB91CC92F1C00897656 /* OpenWeatherMap.app */ = {isa = PBXFileReference; explicitFileType = wrapper.application; includeInIndex = 0; path = OpenWeatherMap.app; sourceTree = BUILT_PRODUCTS_DIR; };
		B1500DBC1CC92F1C00897656 /* AppDelegate.swift */ = {isa = PBXFileReference; lastKnownFileType = sourcecode.swift; path = AppDelegate.swift; sourceTree = "<group>"; };
		B1500DBE1CC92F1C00897656 /* ViewController.swift */ = {isa = PBXFileReference; lastKnownFileType = sourcecode.swift; path = ViewController.swift; sourceTree = "<group>"; };
		B1500DC11CC92F1C00897656 /* Base */ = {isa = PBXFileReference; lastKnownFileType = file.storyboard; name = Base; path = Base.lproj/Main.storyboard; sourceTree = "<group>"; };
		B1500DC41CC92F1C00897656 /* OpenWeatherMap.xcdatamodel */ = {isa = PBXFileReference; lastKnownFileType = wrapper.xcdatamodel; path = OpenWeatherMap.xcdatamodel; sourceTree = "<group>"; };
		B1500DC61CC92F1C00897656 /* Assets.xcassets */ = {isa = PBXFileReference; lastKnownFileType = folder.assetcatalog; path = Assets.xcassets; sourceTree = "<group>"; };
		B1500DC91CC92F1C00897656 /* Base */ = {isa = PBXFileReference; lastKnownFileType = file.storyboard; name = Base; path = Base.lproj/LaunchScreen.storyboard; sourceTree = "<group>"; };
		B1500DCB1CC92F1C00897656 /* Info.plist */ = {isa = PBXFileReference; lastKnownFileType = text.plist.xml; path = Info.plist; sourceTree = "<group>"; };
		B1500DD31CC945B100897656 /* WeatherListViewController.swift */ = {isa = PBXFileReference; fileEncoding = 4; lastKnownFileType = sourcecode.swift; path = WeatherListViewController.swift; sourceTree = "<group>"; };
		B1500DD51CC949EE00897656 /* WeatherListInteractor.swift */ = {isa = PBXFileReference; fileEncoding = 4; lastKnownFileType = sourcecode.swift; path = WeatherListInteractor.swift; sourceTree = "<group>"; };
		B1500DD71CC94B1600897656 /* GetNewWeatherItemWorker.swift */ = {isa = PBXFileReference; fileEncoding = 4; lastKnownFileType = sourcecode.swift; path = GetNewWeatherItemWorker.swift; sourceTree = "<group>"; };
		B1500DD91CC94C1000897656 /* WeatherListPresenter.swift */ = {isa = PBXFileReference; fileEncoding = 4; lastKnownFileType = sourcecode.swift; path = WeatherListPresenter.swift; sourceTree = "<group>"; };
		B1500DDB1CC94C9A00897656 /* WeatherListConfigurator.swift */ = {isa = PBXFileReference; fileEncoding = 4; lastKnownFileType = sourcecode.swift; path = WeatherListConfigurator.swift; sourceTree = "<group>"; };
		B1500DDD1CC94CFD00897656 /* WeatherListRouter.swift */ = {isa = PBXFileReference; fileEncoding = 4; lastKnownFileType = sourcecode.swift; path = WeatherListRouter.swift; sourceTree = "<group>"; };
		B1500DDF1CC94DE600897656 /* WeatherListModels.swift */ = {isa = PBXFileReference; fileEncoding = 4; lastKnownFileType = sourcecode.swift; path = WeatherListModels.swift; sourceTree = "<group>"; };
		BCF9F45093E2CA829DB34EB3 /* Pods-OpenWeatherMap.release.xcconfig */ = {isa = PBXFileReference; includeInIndex = 1; lastKnownFileType = text.xcconfig; name = "Pods-OpenWeatherMap.release.xcconfig"; path = "Pods/Target Support Files/Pods-OpenWeatherMap/Pods-OpenWeatherMap.release.xcconfig"; sourceTree = "<group>"; };
		E3590946D540414E9BDB6A45 /* Pods-OpenWeatherMap.debug.xcconfig */ = {isa = PBXFileReference; includeInIndex = 1; lastKnownFileType = text.xcconfig; name = "Pods-OpenWeatherMap.debug.xcconfig"; path = "Pods/Target Support Files/Pods-OpenWeatherMap/Pods-OpenWeatherMap.debug.xcconfig"; sourceTree = "<group>"; };
/* End PBXFileReference section */

/* Begin PBXFrameworksBuildPhase section */
		B1500DB61CC92F1C00897656 /* Frameworks */ = {
			isa = PBXFrameworksBuildPhase;
			buildActionMask = 2147483647;
			files = (
				CFEDFA2678BB4B759C41F3E1 /* Pods_OpenWeatherMap.framework in Frameworks */,
			);
			runOnlyForDeploymentPostprocessing = 0;
		};
/* End PBXFrameworksBuildPhase section */

/* Begin PBXGroup section */
		16B8ED8525A36A4DC4E42620 /* Frameworks */ = {
			isa = PBXGroup;
			children = (
				6A1CB829DEAEB657E5E9D353 /* Pods_OpenWeatherMap.framework */,
			);
			name = Frameworks;
			sourceTree = "<group>";
		};
		335DEBE456904750CAE69103 /* Pods */ = {
			isa = PBXGroup;
			children = (
				E3590946D540414E9BDB6A45 /* Pods-OpenWeatherMap.debug.xcconfig */,
				BCF9F45093E2CA829DB34EB3 /* Pods-OpenWeatherMap.release.xcconfig */,
			);
			name = Pods;
			sourceTree = "<group>";
		};
		B1500DB01CC92F1B00897656 = {
			isa = PBXGroup;
			children = (
				B1500DBB1CC92F1C00897656 /* OpenWeatherMap */,
				B1500DBA1CC92F1C00897656 /* Products */,
				335DEBE456904750CAE69103 /* Pods */,
				16B8ED8525A36A4DC4E42620 /* Frameworks */,
			);
			sourceTree = "<group>";
		};
		B1500DBA1CC92F1C00897656 /* Products */ = {
			isa = PBXGroup;
			children = (
				B1500DB91CC92F1C00897656 /* OpenWeatherMap.app */,
			);
			name = Products;
			sourceTree = "<group>";
		};
		B1500DBB1CC92F1C00897656 /* OpenWeatherMap */ = {
			isa = PBXGroup;
			children = (
				B1500DD11CC9413000897656 /* Scenes */,
				B1500DBC1CC92F1C00897656 /* AppDelegate.swift */,
				B1500DBE1CC92F1C00897656 /* ViewController.swift */,
				B1500DC01CC92F1C00897656 /* Main.storyboard */,
				B1500DC61CC92F1C00897656 /* Assets.xcassets */,
				B1500DC81CC92F1C00897656 /* LaunchScreen.storyboard */,
				B1500DCB1CC92F1C00897656 /* Info.plist */,
				B1500DC31CC92F1C00897656 /* OpenWeatherMap.xcdatamodeld */,
			);
			path = OpenWeatherMap;
			sourceTree = "<group>";
		};
		B1500DD11CC9413000897656 /* Scenes */ = {
			isa = PBXGroup;
			children = (
				B1500DD21CC941B900897656 /* WeatherList */,
			);
			path = Scenes;
			sourceTree = "<group>";
		};
		B1500DD21CC941B900897656 /* WeatherList */ = {
			isa = PBXGroup;
			children = (
				B1500DD71CC94B1600897656 /* GetNewWeatherItemWorker.swift */,
				B1500DD51CC949EE00897656 /* WeatherListInteractor.swift */,
				B1500DD91CC94C1000897656 /* WeatherListPresenter.swift */,
				B1500DDB1CC94C9A00897656 /* WeatherListConfigurator.swift */,
				B1500DDD1CC94CFD00897656 /* WeatherListRouter.swift */,
				B1500DDF1CC94DE600897656 /* WeatherListModels.swift */,
				B1500DD31CC945B100897656 /* WeatherListViewController.swift */,
			);
			path = WeatherList;
			sourceTree = "<group>";
		};
/* End PBXGroup section */

/* Begin PBXNativeTarget section */
		B1500DB81CC92F1C00897656 /* OpenWeatherMap */ = {
			isa = PBXNativeTarget;
			buildConfigurationList = B1500DCE1CC92F1C00897656 /* Build configuration list for PBXNativeTarget "OpenWeatherMap" */;
			buildPhases = (
				E809E360518D33F216FB751F /* 📦 Check Pods Manifest.lock */,
				B1500DB51CC92F1C00897656 /* Sources */,
				B1500DB61CC92F1C00897656 /* Frameworks */,
				B1500DB71CC92F1C00897656 /* Resources */,
				712BEB8890D42581C9C844A6 /* 📦 Embed Pods Frameworks */,
				89F75A4BC253AB75941A7376 /* 📦 Copy Pods Resources */,
			);
			buildRules = (
			);
			dependencies = (
			);
			name = OpenWeatherMap;
			productName = OpenWeatherMap;
			productReference = B1500DB91CC92F1C00897656 /* OpenWeatherMap.app */;
			productType = "com.apple.product-type.application";
		};
/* End PBXNativeTarget section */

/* Begin PBXProject section */
		B1500DB11CC92F1B00897656 /* Project object */ = {
			isa = PBXProject;
			attributes = {
				LastSwiftUpdateCheck = 0730;
				LastUpgradeCheck = 0730;
				ORGANIZATIONNAME = msm72;
				TargetAttributes = {
					B1500DB81CC92F1C00897656 = {
						CreatedOnToolsVersion = 7.3;
					};
				};
			};
			buildConfigurationList = B1500DB41CC92F1B00897656 /* Build configuration list for PBXProject "OpenWeatherMap" */;
			compatibilityVersion = "Xcode 3.2";
			developmentRegion = English;
			hasScannedForEncodings = 0;
			knownRegions = (
				en,
				Base,
			);
			mainGroup = B1500DB01CC92F1B00897656;
			productRefGroup = B1500DBA1CC92F1C00897656 /* Products */;
			projectDirPath = "";
			projectRoot = "";
			targets = (
				B1500DB81CC92F1C00897656 /* OpenWeatherMap */,
			);
		};
/* End PBXProject section */

/* Begin PBXResourcesBuildPhase section */
		B1500DB71CC92F1C00897656 /* Resources */ = {
			isa = PBXResourcesBuildPhase;
			buildActionMask = 2147483647;
			files = (
				B1500DCA1CC92F1C00897656 /* LaunchScreen.storyboard in Resources */,
				B1500DC71CC92F1C00897656 /* Assets.xcassets in Resources */,
				B1500DC21CC92F1C00897656 /* Main.storyboard in Resources */,
			);
			runOnlyForDeploymentPostprocessing = 0;
		};
/* End PBXResourcesBuildPhase section */

/* Begin PBXShellScriptBuildPhase section */
		712BEB8890D42581C9C844A6 /* 📦 Embed Pods Frameworks */ = {
			isa = PBXShellScriptBuildPhase;
			buildActionMask = 2147483647;
			files = (
			);
			inputPaths = (
			);
			name = "📦 Embed Pods Frameworks";
			outputPaths = (
			);
			runOnlyForDeploymentPostprocessing = 0;
			shellPath = /bin/sh;
			shellScript = "\"${SRCROOT}/Pods/Target Support Files/Pods-OpenWeatherMap/Pods-OpenWeatherMap-frameworks.sh\"\n";
			showEnvVarsInLog = 0;
		};
		89F75A4BC253AB75941A7376 /* 📦 Copy Pods Resources */ = {
			isa = PBXShellScriptBuildPhase;
			buildActionMask = 2147483647;
			files = (
			);
			inputPaths = (
			);
			name = "📦 Copy Pods Resources";
			outputPaths = (
			);
			runOnlyForDeploymentPostprocessing = 0;
			shellPath = /bin/sh;
			shellScript = "\"${SRCROOT}/Pods/Target Support Files/Pods-OpenWeatherMap/Pods-OpenWeatherMap-resources.sh\"\n";
			showEnvVarsInLog = 0;
		};
		E809E360518D33F216FB751F /* 📦 Check Pods Manifest.lock */ = {
			isa = PBXShellScriptBuildPhase;
			buildActionMask = 2147483647;
			files = (
			);
			inputPaths = (
			);
			name = "📦 Check Pods Manifest.lock";
			outputPaths = (
			);
			runOnlyForDeploymentPostprocessing = 0;
			shellPath = /bin/sh;
			shellScript = "diff \"${PODS_ROOT}/../Podfile.lock\" \"${PODS_ROOT}/Manifest.lock\" > /dev/null\nif [[ $? != 0 ]] ; then\n    cat << EOM\nerror: The sandbox is not in sync with the Podfile.lock. Run 'pod install' or update your CocoaPods installation.\nEOM\n    exit 1\nfi\n";
			showEnvVarsInLog = 0;
		};
/* End PBXShellScriptBuildPhase section */

/* Begin PBXSourcesBuildPhase section */
		B1500DB51CC92F1C00897656 /* Sources */ = {
			isa = PBXSourcesBuildPhase;
			buildActionMask = 2147483647;
			files = (
				B1500DE01CC94DE600897656 /* WeatherListModels.swift in Sources */,
				B1500DD61CC949EE00897656 /* WeatherListInteractor.swift in Sources */,
				B1500DC51CC92F1C00897656 /* OpenWeatherMap.xcdatamodeld in Sources */,
				B1500DDA1CC94C1000897656 /* WeatherListPresenter.swift in Sources */,
				B1500DD41CC945B100897656 /* WeatherListViewController.swift in Sources */,
				B1500DD81CC94B1600897656 /* GetNewWeatherItemWorker.swift in Sources */,
				B1500DBF1CC92F1C00897656 /* ViewController.swift in Sources */,
				B1500DBD1CC92F1C00897656 /* AppDelegate.swift in Sources */,
				B1500DDC1CC94C9A00897656 /* WeatherListConfigurator.swift in Sources */,
				B1500DDE1CC94CFE00897656 /* WeatherListRouter.swift in Sources */,
			);
			runOnlyForDeploymentPostprocessing = 0;
		};
/* End PBXSourcesBuildPhase section */

/* Begin PBXVariantGroup section */
		B1500DC01CC92F1C00897656 /* Main.storyboard */ = {
			isa = PBXVariantGroup;
			children = (
				B1500DC11CC92F1C00897656 /* Base */,
			);
			name = Main.storyboard;
			sourceTree = "<group>";
		};
		B1500DC81CC92F1C00897656 /* LaunchScreen.storyboard */ = {
			isa = PBXVariantGroup;
			children = (
				B1500DC91CC92F1C00897656 /* Base */,
			);
			name = LaunchScreen.storyboard;
			sourceTree = "<group>";
		};
/* End PBXVariantGroup section */

/* Begin XCBuildConfiguration section */
		B1500DCC1CC92F1C00897656 /* Debug */ = {
			isa = XCBuildConfiguration;
			buildSettings = {
				ALWAYS_SEARCH_USER_PATHS = NO;
				CLANG_ANALYZER_NONNULL = YES;
				CLANG_CXX_LANGUAGE_STANDARD = "gnu++0x";
				CLANG_CXX_LIBRARY = "libc++";
				CLANG_ENABLE_MODULES = YES;
				CLANG_ENABLE_OBJC_ARC = YES;
				CLANG_WARN_BOOL_CONVERSION = YES;
				CLANG_WARN_CONSTANT_CONVERSION = YES;
				CLANG_WARN_DIRECT_OBJC_ISA_USAGE = YES_ERROR;
				CLANG_WARN_EMPTY_BODY = YES;
				CLANG_WARN_ENUM_CONVERSION = YES;
				CLANG_WARN_INT_CONVERSION = YES;
				CLANG_WARN_OBJC_ROOT_CLASS = YES_ERROR;
				CLANG_WARN_UNREACHABLE_CODE = YES;
				CLANG_WARN__DUPLICATE_METHOD_MATCH = YES;
				"CODE_SIGN_IDENTITY[sdk=iphoneos*]" = "iPhone Developer";
				COPY_PHASE_STRIP = NO;
				DEBUG_INFORMATION_FORMAT = dwarf;
				ENABLE_STRICT_OBJC_MSGSEND = YES;
				ENABLE_TESTABILITY = YES;
				GCC_C_LANGUAGE_STANDARD = gnu99;
				GCC_DYNAMIC_NO_PIC = NO;
				GCC_NO_COMMON_BLOCKS = YES;
				GCC_OPTIMIZATION_LEVEL = 0;
				GCC_PREPROCESSOR_DEFINITIONS = (
					"DEBUG=1",
					"$(inherited)",
				);
				GCC_WARN_64_TO_32_BIT_CONVERSION = YES;
				GCC_WARN_ABOUT_RETURN_TYPE = YES_ERROR;
				GCC_WARN_UNDECLARED_SELECTOR = YES;
				GCC_WARN_UNINITIALIZED_AUTOS = YES_AGGRESSIVE;
				GCC_WARN_UNUSED_FUNCTION = YES;
				GCC_WARN_UNUSED_VARIABLE = YES;
				IPHONEOS_DEPLOYMENT_TARGET = 9.3;
				MTL_ENABLE_DEBUG_INFO = YES;
				ONLY_ACTIVE_ARCH = YES;
				SDKROOT = iphoneos;
				SWIFT_OPTIMIZATION_LEVEL = "-Onone";
			};
			name = Debug;
		};
		B1500DCD1CC92F1C00897656 /* Release */ = {
			isa = XCBuildConfiguration;
			buildSettings = {
				ALWAYS_SEARCH_USER_PATHS = NO;
				CLANG_ANALYZER_NONNULL = YES;
				CLANG_CXX_LANGUAGE_STANDARD = "gnu++0x";
				CLANG_CXX_LIBRARY = "libc++";
				CLANG_ENABLE_MODULES = YES;
				CLANG_ENABLE_OBJC_ARC = YES;
				CLANG_WARN_BOOL_CONVERSION = YES;
				CLANG_WARN_CONSTANT_CONVERSION = YES;
				CLANG_WARN_DIRECT_OBJC_ISA_USAGE = YES_ERROR;
				CLANG_WARN_EMPTY_BODY = YES;
				CLANG_WARN_ENUM_CONVERSION = YES;
				CLANG_WARN_INT_CONVERSION = YES;
				CLANG_WARN_OBJC_ROOT_CLASS = YES_ERROR;
				CLANG_WARN_UNREACHABLE_CODE = YES;
				CLANG_WARN__DUPLICATE_METHOD_MATCH = YES;
				"CODE_SIGN_IDENTITY[sdk=iphoneos*]" = "iPhone Developer";
				COPY_PHASE_STRIP = NO;
				DEBUG_INFORMATION_FORMAT = "dwarf-with-dsym";
				ENABLE_NS_ASSERTIONS = NO;
				ENABLE_STRICT_OBJC_MSGSEND = YES;
				GCC_C_LANGUAGE_STANDARD = gnu99;
				GCC_NO_COMMON_BLOCKS = YES;
				GCC_WARN_64_TO_32_BIT_CONVERSION = YES;
				GCC_WARN_ABOUT_RETURN_TYPE = YES_ERROR;
				GCC_WARN_UNDECLARED_SELECTOR = YES;
				GCC_WARN_UNINITIALIZED_AUTOS = YES_AGGRESSIVE;
				GCC_WARN_UNUSED_FUNCTION = YES;
				GCC_WARN_UNUSED_VARIABLE = YES;
				IPHONEOS_DEPLOYMENT_TARGET = 9.3;
				MTL_ENABLE_DEBUG_INFO = NO;
				SDKROOT = iphoneos;
				VALIDATE_PRODUCT = YES;
			};
			name = Release;
		};
		B1500DCF1CC92F1C00897656 /* Debug */ = {
			isa = XCBuildConfiguration;
			baseConfigurationReference = E3590946D540414E9BDB6A45 /* Pods-OpenWeatherMap.debug.xcconfig */;
			buildSettings = {
				ASSETCATALOG_COMPILER_APPICON_NAME = AppIcon;
				INFOPLIST_FILE = OpenWeatherMap/Info.plist;
				LD_RUNPATH_SEARCH_PATHS = "$(inherited) @executable_path/Frameworks";
				PRODUCT_BUNDLE_IDENTIFIER = com.stfalcon.OpenWeatherMap;
				PRODUCT_NAME = "$(TARGET_NAME)";
			};
			name = Debug;
		};
		B1500DD01CC92F1C00897656 /* Release */ = {
			isa = XCBuildConfiguration;
			baseConfigurationReference = BCF9F45093E2CA829DB34EB3 /* Pods-OpenWeatherMap.release.xcconfig */;
			buildSettings = {
				ASSETCATALOG_COMPILER_APPICON_NAME = AppIcon;
				INFOPLIST_FILE = OpenWeatherMap/Info.plist;
				LD_RUNPATH_SEARCH_PATHS = "$(inherited) @executable_path/Frameworks";
				PRODUCT_BUNDLE_IDENTIFIER = com.stfalcon.OpenWeatherMap;
				PRODUCT_NAME = "$(TARGET_NAME)";
			};
			name = Release;
		};
/* End XCBuildConfiguration section */

/* Begin XCConfigurationList section */
		B1500DB41CC92F1B00897656 /* Build configuration list for PBXProject "OpenWeatherMap" */ = {
			isa = XCConfigurationList;
			buildConfigurations = (
				B1500DCC1CC92F1C00897656 /* Debug */,
				B1500DCD1CC92F1C00897656 /* Release */,
			);
			defaultConfigurationIsVisible = 0;
			defaultConfigurationName = Release;
		};
		B1500DCE1CC92F1C00897656 /* Build configuration list for PBXNativeTarget "OpenWeatherMap" */ = {
			isa = XCConfigurationList;
			buildConfigurations = (
				B1500DCF1CC92F1C00897656 /* Debug */,
				B1500DD01CC92F1C00897656 /* Release */,
			);
			defaultConfigurationIsVisible = 0;
			defaultConfigurationName = Release;
		};
/* End XCConfigurationList section */

/* Begin XCVersionGroup section */
		B1500DC31CC92F1C00897656 /* OpenWeatherMap.xcdatamodeld */ = {
			isa = XCVersionGroup;
			children = (
				B1500DC41CC92F1C00897656 /* OpenWeatherMap.xcdatamodel */,
			);
			currentVersion = B1500DC41CC92F1C00897656 /* OpenWeatherMap.xcdatamodel */;
			path = OpenWeatherMap.xcdatamodeld;
			sourceTree = "<group>";
			versionGroupType = wrapper.xcdatamodel;
		};
/* End XCVersionGroup section */
	};
	rootObject = B1500DB11CC92F1B00897656 /* Project object */;
}
